
Microsoft Visual Studio Solution File, Format Version 12.00
# Visual Studio Version 17
VisualStudioVersion = 17.13.35931.197 d17.13
MinimumVisualStudioVersion = 10.0.40219.1
Project("{FAE04EC0-301F-11D3-BF4B-00C04F79EFBC}") = "3556_sum_largest_prime_substr_med", "3556_sum_largest_prime_substr_med.csproj", "{268D3C06-B209-4402-9F2A-AD2D97593AF1}"
EndProject
Global
	GlobalSection(SolutionConfigurationPlatforms) = preSolution
		Debug|Any CPU = Debug|Any CPU
		Release|Any CPU = Release|Any CPU
	EndGlobalSection
	GlobalSection(ProjectConfigurationPlatforms) = postSolution
		{268D3C06-B209-4402-9F2A-AD2D97593AF1}.Debug|Any CPU.ActiveCfg = Debug|Any CPU
		{268D3C06-B209-4402-9F2A-AD2D97593AF1}.Debug|Any CPU.Build.0 = Debug|Any CPU
		{268D3C06-B209-4402-9F2A-AD2D97593AF1}.Release|Any CPU.ActiveCfg = Release|Any CPU
		{268D3C06-B209-4402-9F2A-AD2D97593AF1}.Release|Any CPU.Build.0 = Release|Any CPU
	EndGlobalSection
	GlobalSection(SolutionProperties) = preSolution
		HideSolutionNode = FALSE
	EndGlobalSection
	GlobalSection(ExtensibilityGlobals) = postSolution
		SolutionGuid = {2F0ECEB9-F068-42AA-A386-39F7756469D2}
	EndGlobalSection
EndGlobal
