
Microsoft Visual Studio Solution File, Format Version 12.00
# Visual Studio Version 17
VisualStudioVersion = 17.13.35931.197 d17.13
MinimumVisualStudioVersion = 10.0.40219.1
Project("{FAE04EC0-301F-11D3-BF4B-00C04F79EFBC}") = "3239_min_flips_grid_pal_med", "3239_min_flips_grid_pal_med.csproj", "{E7117349-EE61-4754-9C4C-937DE5FBBDEE}"
EndProject
Global
	GlobalSection(SolutionConfigurationPlatforms) = preSolution
		Debug|Any CPU = Debug|Any CPU
		Release|Any CPU = Release|Any CPU
	EndGlobalSection
	GlobalSection(ProjectConfigurationPlatforms) = postSolution
		{E7117349-EE61-4754-9C4C-937DE5FBBDEE}.Debug|Any CPU.ActiveCfg = Debug|Any CPU
		{E7117349-EE61-4754-9C4C-937DE5FBBDEE}.Debug|Any CPU.Build.0 = Debug|Any CPU
		{E7117349-EE61-4754-9C4C-937DE5FBBDEE}.Release|Any CPU.ActiveCfg = Release|Any CPU
		{E7117349-EE61-4754-9C4C-937DE5FBBDEE}.Release|Any CPU.Build.0 = Release|Any CPU
	EndGlobalSection
	GlobalSection(SolutionProperties) = preSolution
		HideSolutionNode = FALSE
	EndGlobalSection
	GlobalSection(ExtensibilityGlobals) = postSolution
		SolutionGuid = {D2B42D18-3146-45F1-9DD5-69B8515724C7}
	EndGlobalSection
EndGlobal
