
Microsoft Visual Studio Solution File, Format Version 12.00
# Visual Studio Version 17
VisualStudioVersion = 17.13.35931.197 d17.13
MinimumVisualStudioVersion = 10.0.40219.1
Project("{FAE04EC0-301F-11D3-BF4B-00C04F79EFBC}") = "3584_max_prod_first_last_elem_med", "3584_max_prod_first_last_elem_med.csproj", "{F95F04AC-1A8B-451F-ABC6-940AA6EAF4EF}"
EndProject
Global
	GlobalSection(SolutionConfigurationPlatforms) = preSolution
		Debug|Any CPU = Debug|Any CPU
		Release|Any CPU = Release|Any CPU
	EndGlobalSection
	GlobalSection(ProjectConfigurationPlatforms) = postSolution
		{F95F04AC-1A8B-451F-ABC6-940AA6EAF4EF}.Debug|Any CPU.ActiveCfg = Debug|Any CPU
		{F95F04AC-1A8B-451F-ABC6-940AA6EAF4EF}.Debug|Any CPU.Build.0 = Debug|Any CPU
		{F95F04AC-1A8B-451F-ABC6-940AA6EAF4EF}.Release|Any CPU.ActiveCfg = Release|Any CPU
		{F95F04AC-1A8B-451F-ABC6-940AA6EAF4EF}.Release|Any CPU.Build.0 = Release|Any CPU
	EndGlobalSection
	GlobalSection(SolutionProperties) = preSolution
		HideSolutionNode = FALSE
	EndGlobalSection
	GlobalSection(ExtensibilityGlobals) = postSolution
		SolutionGuid = {F18E9AE4-6EB3-4401-A1E2-8411391B4977}
	EndGlobalSection
EndGlobal
