
Microsoft Visual Studio Solution File, Format Version 12.00
# Visual Studio Version 17
VisualStudioVersion = 17.13.35931.197 d17.13
MinimumVisualStudioVersion = 10.0.40219.1
Project("{FAE04EC0-301F-11D3-BF4B-00C04F79EFBC}") = "3487_daily_max_unique_subarray_easy", "3487_daily_max_unique_subarray_easy.csproj", "{ED4D8D75-8ABF-48BD-A6BE-2EE964024C70}"
EndProject
Global
	GlobalSection(SolutionConfigurationPlatforms) = preSolution
		Debug|Any CPU = Debug|Any CPU
		Release|Any CPU = Release|Any CPU
	EndGlobalSection
	GlobalSection(ProjectConfigurationPlatforms) = postSolution
		{ED4D8D75-8ABF-48BD-A6BE-2EE964024C70}.Debug|Any CPU.ActiveCfg = Debug|Any CPU
		{ED4D8D75-8ABF-48BD-A6BE-2EE964024C70}.Debug|Any CPU.Build.0 = Debug|Any CPU
		{ED4D8D75-8ABF-48BD-A6BE-2EE964024C70}.Release|Any CPU.ActiveCfg = Release|Any CPU
		{ED4D8D75-8ABF-48BD-A6BE-2EE964024C70}.Release|Any CPU.Build.0 = Release|Any CPU
	EndGlobalSection
	GlobalSection(SolutionProperties) = preSolution
		HideSolutionNode = FALSE
	EndGlobalSection
	GlobalSection(ExtensibilityGlobals) = postSolution
		SolutionGuid = {E75AC2C9-80E4-4202-9E5D-939EAD5ED93A}
	EndGlobalSection
EndGlobal
