
Microsoft Visual Studio Solution File, Format Version 12.00
# Visual Studio Version 17
VisualStudioVersion = 17.13.35931.197 d17.13
MinimumVisualStudioVersion = 10.0.40219.1
Project("{FAE04EC0-301F-11D3-BF4B-00C04F79EFBC}") = "1534_count_triplets", "1534_count_triplets.csproj", "{C674F79B-F6C7-4463-825A-84BFE3416DBB}"
EndProject
Global
	GlobalSection(SolutionConfigurationPlatforms) = preSolution
		Debug|Any CPU = Debug|Any CPU
		Release|Any CPU = Release|Any CPU
	EndGlobalSection
	GlobalSection(ProjectConfigurationPlatforms) = postSolution
		{C674F79B-F6C7-4463-825A-84BFE3416DBB}.Debug|Any CPU.ActiveCfg = Debug|Any CPU
		{C674F79B-F6C7-4463-825A-84BFE3416DBB}.Debug|Any CPU.Build.0 = Debug|Any CPU
		{C674F79B-F6C7-4463-825A-84BFE3416DBB}.Release|Any CPU.ActiveCfg = Release|Any CPU
		{C674F79B-F6C7-4463-825A-84BFE3416DBB}.Release|Any CPU.Build.0 = Release|Any CPU
	EndGlobalSection
	GlobalSection(SolutionProperties) = preSolution
		HideSolutionNode = FALSE
	EndGlobalSection
	GlobalSection(ExtensibilityGlobals) = postSolution
		SolutionGuid = {06DC5BC9-9748-4378-8588-8435AEC71822}
	EndGlobalSection
EndGlobal
