
Microsoft Visual Studio Solution File, Format Version 12.00
# Visual Studio Version 17
VisualStudioVersion = 17.13.35931.197 d17.13
MinimumVisualStudioVersion = 10.0.40219.1
Project("{FAE04EC0-301F-11D3-BF4B-00C04F79EFBC}") = "326_power_of_three_daily_easy", "326_power_of_three_daily_easy.csproj", "{B1C4E34A-4BD6-4DD3-BDB6-451B84FF0EEE}"
EndProject
Global
	GlobalSection(SolutionConfigurationPlatforms) = preSolution
		Debug|Any CPU = Debug|Any CPU
		Release|Any CPU = Release|Any CPU
	EndGlobalSection
	GlobalSection(ProjectConfigurationPlatforms) = postSolution
		{B1C4E34A-4BD6-4DD3-BDB6-451B84FF0EEE}.Debug|Any CPU.ActiveCfg = Debug|Any CPU
		{B1C4E34A-4BD6-4DD3-BDB6-451B84FF0EEE}.Debug|Any CPU.Build.0 = Debug|Any CPU
		{B1C4E34A-4BD6-4DD3-BDB6-451B84FF0EEE}.Release|Any CPU.ActiveCfg = Release|Any CPU
		{B1C4E34A-4BD6-4DD3-BDB6-451B84FF0EEE}.Release|Any CPU.Build.0 = Release|Any CPU
	EndGlobalSection
	GlobalSection(SolutionProperties) = preSolution
		HideSolutionNode = FALSE
	EndGlobalSection
	GlobalSection(ExtensibilityGlobals) = postSolution
		SolutionGuid = {31BD6545-03CE-4AA7-9BEA-C76203ADDB3A}
	EndGlobalSection
EndGlobal
