
Microsoft Visual Studio Solution File, Format Version 12.00
# Visual Studio Version 17
VisualStudioVersion = 17.13.35931.197 d17.13
MinimumVisualStudioVersion = 10.0.40219.1
Project("{FAE04EC0-301F-11D3-BF4B-00C04F79EFBC}") = "86_reordered_pow_of_two_med", "86_reordered_pow_of_two_med.csproj", "{EBFADDB7-C78F-480A-BB6B-9AB76FD0F1E2}"
EndProject
Global
	GlobalSection(SolutionConfigurationPlatforms) = preSolution
		Debug|Any CPU = Debug|Any CPU
		Release|Any CPU = Release|Any CPU
	EndGlobalSection
	GlobalSection(ProjectConfigurationPlatforms) = postSolution
		{EBFADDB7-C78F-480A-BB6B-9AB76FD0F1E2}.Debug|Any CPU.ActiveCfg = Debug|Any CPU
		{EBFADDB7-C78F-480A-BB6B-9AB76FD0F1E2}.Debug|Any CPU.Build.0 = Debug|Any CPU
		{EBFADDB7-C78F-480A-BB6B-9AB76FD0F1E2}.Release|Any CPU.ActiveCfg = Release|Any CPU
		{EBFADDB7-C78F-480A-BB6B-9AB76FD0F1E2}.Release|Any CPU.Build.0 = Release|Any CPU
	EndGlobalSection
	GlobalSection(SolutionProperties) = preSolution
		HideSolutionNode = FALSE
	EndGlobalSection
	GlobalSection(ExtensibilityGlobals) = postSolution
		SolutionGuid = {3EA6F95E-F849-499A-B798-216C1A37770F}
	EndGlobalSection
EndGlobal
