
Microsoft Visual Studio Solution File, Format Version 12.00
# Visual Studio Version 17
VisualStudioVersion = 17.13.35931.197 d17.13
MinimumVisualStudioVersion = 10.0.40219.1
Project("{FAE04EC0-301F-11D3-BF4B-00C04F79EFBC}") = "1295_nums_with_even_digits_easy", "1295_nums_with_even_digits_easy.csproj", "{3A2C07B7-1C8E-4F8E-AE66-FCD9BAC085CB}"
EndProject
Global
	GlobalSection(SolutionConfigurationPlatforms) = preSolution
		Debug|Any CPU = Debug|Any CPU
		Release|Any CPU = Release|Any CPU
	EndGlobalSection
	GlobalSection(ProjectConfigurationPlatforms) = postSolution
		{3A2C07B7-1C8E-4F8E-AE66-FCD9BAC085CB}.Debug|Any CPU.ActiveCfg = Debug|Any CPU
		{3A2C07B7-1C8E-4F8E-AE66-FCD9BAC085CB}.Debug|Any CPU.Build.0 = Debug|Any CPU
		{3A2C07B7-1C8E-4F8E-AE66-FCD9BAC085CB}.Release|Any CPU.ActiveCfg = Release|Any CPU
		{3A2C07B7-1C8E-4F8E-AE66-FCD9BAC085CB}.Release|Any CPU.Build.0 = Release|Any CPU
	EndGlobalSection
	GlobalSection(SolutionProperties) = preSolution
		HideSolutionNode = FALSE
	EndGlobalSection
	GlobalSection(ExtensibilityGlobals) = postSolution
		SolutionGuid = {DCF693F3-78F3-41A1-B47E-B4BDFC63D15E}
	EndGlobalSection
EndGlobal
