
Microsoft Visual Studio Solution File, Format Version 12.00
# Visual Studio Version 17
VisualStudioVersion = 17.13.35931.197 d17.13
MinimumVisualStudioVersion = 10.0.40219.1
Project("{FAE04EC0-301F-11D3-BF4B-00C04F79EFBC}") = "1717_daily_max_score_remove_substr_med", "1717_daily_max_score_remove_substr_med.csproj", "{2EDB1DC0-F52A-4264-A4FF-93863207979C}"
EndProject
Global
	GlobalSection(SolutionConfigurationPlatforms) = preSolution
		Debug|Any CPU = Debug|Any CPU
		Release|Any CPU = Release|Any CPU
	EndGlobalSection
	GlobalSection(ProjectConfigurationPlatforms) = postSolution
		{2EDB1DC0-F52A-4264-A4FF-93863207979C}.Debug|Any CPU.ActiveCfg = Debug|Any CPU
		{2EDB1DC0-F52A-4264-A4FF-93863207979C}.Debug|Any CPU.Build.0 = Debug|Any CPU
		{2EDB1DC0-F52A-4264-A4FF-93863207979C}.Release|Any CPU.ActiveCfg = Release|Any CPU
		{2EDB1DC0-F52A-4264-A4FF-93863207979C}.Release|Any CPU.Build.0 = Release|Any CPU
	EndGlobalSection
	GlobalSection(SolutionProperties) = preSolution
		HideSolutionNode = FALSE
	EndGlobalSection
	GlobalSection(ExtensibilityGlobals) = postSolution
		SolutionGuid = {9DCBBC12-5471-42C8-A6E8-CAEC38116265}
	EndGlobalSection
EndGlobal
