
Microsoft Visual Studio Solution File, Format Version 12.00
# Visual Studio Version 17
VisualStudioVersion = 17.13.35931.197 d17.13
MinimumVisualStudioVersion = 10.0.40219.1
Project("{FAE04EC0-301F-11D3-BF4B-00C04F79EFBC}") = "3363_Max_num_fruits_dungeon_hard_daily", "3363_Max_num_fruits_dungeon_hard_daily.csproj", "{E75496CF-FB95-43D8-83B4-72986FA25DDE}"
EndProject
Global
	GlobalSection(SolutionConfigurationPlatforms) = preSolution
		Debug|Any CPU = Debug|Any CPU
		Release|Any CPU = Release|Any CPU
	EndGlobalSection
	GlobalSection(ProjectConfigurationPlatforms) = postSolution
		{E75496CF-FB95-43D8-83B4-72986FA25DDE}.Debug|Any CPU.ActiveCfg = Debug|Any CPU
		{E75496CF-FB95-43D8-83B4-72986FA25DDE}.Debug|Any CPU.Build.0 = Debug|Any CPU
		{E75496CF-FB95-43D8-83B4-72986FA25DDE}.Release|Any CPU.ActiveCfg = Release|Any CPU
		{E75496CF-FB95-43D8-83B4-72986FA25DDE}.Release|Any CPU.Build.0 = Release|Any CPU
	EndGlobalSection
	GlobalSection(SolutionProperties) = preSolution
		HideSolutionNode = FALSE
	EndGlobalSection
	GlobalSection(ExtensibilityGlobals) = postSolution
		SolutionGuid = {ED6137CA-1A1D-4675-9F94-20D766F344D6}
	EndGlobalSection
EndGlobal
