
Microsoft Visual Studio Solution File, Format Version 12.00
# Visual Studio Version 17
VisualStudioVersion = 17.13.35931.197 d17.13
MinimumVisualStudioVersion = 10.0.40219.1
Project("{FAE04EC0-301F-11D3-BF4B-00C04F79EFBC}") = "2163_daily_min_diff_sums_hard", "2163_daily_min_diff_sums_hard.csproj", "{423B60A8-48FE-4E49-9F29-0BFB85696354}"
EndProject
Global
	GlobalSection(SolutionConfigurationPlatforms) = preSolution
		Debug|Any CPU = Debug|Any CPU
		Release|Any CPU = Release|Any CPU
	EndGlobalSection
	GlobalSection(ProjectConfigurationPlatforms) = postSolution
		{423B60A8-48FE-4E49-9F29-0BFB85696354}.Debug|Any CPU.ActiveCfg = Debug|Any CPU
		{423B60A8-48FE-4E49-9F29-0BFB85696354}.Debug|Any CPU.Build.0 = Debug|Any CPU
		{423B60A8-48FE-4E49-9F29-0BFB85696354}.Release|Any CPU.ActiveCfg = Release|Any CPU
		{423B60A8-48FE-4E49-9F29-0BFB85696354}.Release|Any CPU.Build.0 = Release|Any CPU
	EndGlobalSection
	GlobalSection(SolutionProperties) = preSolution
		HideSolutionNode = FALSE
	EndGlobalSection
	GlobalSection(ExtensibilityGlobals) = postSolution
		SolutionGuid = {3EAF9F82-E8E1-4216-98B2-B0F7B1343FEB}
	EndGlobalSection
EndGlobal
