
Microsoft Visual Studio Solution File, Format Version 12.00
# Visual Studio Version 17
VisualStudioVersion = 17.13.35931.197 d17.13
MinimumVisualStudioVersion = 10.0.40219.1
Project("{FAE04EC0-301F-11D3-BF4B-00C04F79EFBC}") = "1980_find_unique_bin_string", "1980_find_unique_bin_string.csproj", "{B19F97D5-7AD5-409F-B0EB-000582EE09B5}"
EndProject
Global
	GlobalSection(SolutionConfigurationPlatforms) = preSolution
		Debug|Any CPU = Debug|Any CPU
		Release|Any CPU = Release|Any CPU
	EndGlobalSection
	GlobalSection(ProjectConfigurationPlatforms) = postSolution
		{B19F97D5-7AD5-409F-B0EB-000582EE09B5}.Debug|Any CPU.ActiveCfg = Debug|Any CPU
		{B19F97D5-7AD5-409F-B0EB-000582EE09B5}.Debug|Any CPU.Build.0 = Debug|Any CPU
		{B19F97D5-7AD5-409F-B0EB-000582EE09B5}.Release|Any CPU.ActiveCfg = Release|Any CPU
		{B19F97D5-7AD5-409F-B0EB-000582EE09B5}.Release|Any CPU.Build.0 = Release|Any CPU
	EndGlobalSection
	GlobalSection(SolutionProperties) = preSolution
		HideSolutionNode = FALSE
	EndGlobalSection
	GlobalSection(ExtensibilityGlobals) = postSolution
		SolutionGuid = {DBB0496B-6226-4264-94EF-D3F4C109A31F}
	EndGlobalSection
EndGlobal
