
Microsoft Visual Studio Solution File, Format Version 12.00
# Visual Studio Version 17
VisualStudioVersion = 17.13.35931.197 d17.13
MinimumVisualStudioVersion = 10.0.40219.1
Project("{FAE04EC0-301F-11D3-BF4B-00C04F79EFBC}") = "289_game_of_life_med", "289_game_of_life_med.csproj", "{8ADB9D34-9144-4A30-86FC-2418665E77EC}"
EndProject
Global
	GlobalSection(SolutionConfigurationPlatforms) = preSolution
		Debug|Any CPU = Debug|Any CPU
		Release|Any CPU = Release|Any CPU
	EndGlobalSection
	GlobalSection(ProjectConfigurationPlatforms) = postSolution
		{8ADB9D34-9144-4A30-86FC-2418665E77EC}.Debug|Any CPU.ActiveCfg = Debug|Any CPU
		{8ADB9D34-9144-4A30-86FC-2418665E77EC}.Debug|Any CPU.Build.0 = Debug|Any CPU
		{8ADB9D34-9144-4A30-86FC-2418665E77EC}.Release|Any CPU.ActiveCfg = Release|Any CPU
		{8ADB9D34-9144-4A30-86FC-2418665E77EC}.Release|Any CPU.Build.0 = Release|Any CPU
	EndGlobalSection
	GlobalSection(SolutionProperties) = preSolution
		HideSolutionNode = FALSE
	EndGlobalSection
	GlobalSection(ExtensibilityGlobals) = postSolution
		SolutionGuid = {1BAB0BD0-6198-444D-A1AF-050F68381D93}
	EndGlobalSection
EndGlobal
