
Microsoft Visual Studio Solution File, Format Version 12.00
# Visual Studio Version 17
VisualStudioVersion = 17.13.35931.197 d17.13
MinimumVisualStudioVersion = 10.0.40219.1
Project("{FAE04EC0-301F-11D3-BF4B-00C04F79EFBC}") = "3202_max_len_val_subseq_2_daily_med", "3202_max_len_val_subseq_2_daily_med.csproj", "{4339D54B-4134-4B43-9398-7D8FB253829F}"
EndProject
Global
	GlobalSection(SolutionConfigurationPlatforms) = preSolution
		Debug|Any CPU = Debug|Any CPU
		Release|Any CPU = Release|Any CPU
	EndGlobalSection
	GlobalSection(ProjectConfigurationPlatforms) = postSolution
		{4339D54B-4134-4B43-9398-7D8FB253829F}.Debug|Any CPU.ActiveCfg = Debug|Any CPU
		{4339D54B-4134-4B43-9398-7D8FB253829F}.Debug|Any CPU.Build.0 = Debug|Any CPU
		{4339D54B-4134-4B43-9398-7D8FB253829F}.Release|Any CPU.ActiveCfg = Release|Any CPU
		{4339D54B-4134-4B43-9398-7D8FB253829F}.Release|Any CPU.Build.0 = Release|Any CPU
	EndGlobalSection
	GlobalSection(SolutionProperties) = preSolution
		HideSolutionNode = FALSE
	EndGlobalSection
	GlobalSection(ExtensibilityGlobals) = postSolution
		SolutionGuid = {0CAD7A12-5143-4748-849B-E5572E68DB97}
	EndGlobalSection
EndGlobal
