
Microsoft Visual Studio Solution File, Format Version 12.00
# Visual Studio Version 17
VisualStudioVersion = 17.13.35931.197 d17.13
MinimumVisualStudioVersion = 10.0.40219.1
Project("{FAE04EC0-301F-11D3-BF4B-00C04F79EFBC}") = "3370_smallest_num_all_set_easy", "3370_smallest_num_all_set_easy.csproj", "{CA91171B-500A-427E-A65F-637B44A47B9E}"
EndProject
Global
	GlobalSection(SolutionConfigurationPlatforms) = preSolution
		Debug|Any CPU = Debug|Any CPU
		Release|Any CPU = Release|Any CPU
	EndGlobalSection
	GlobalSection(ProjectConfigurationPlatforms) = postSolution
		{CA91171B-500A-427E-A65F-637B44A47B9E}.Debug|Any CPU.ActiveCfg = Debug|Any CPU
		{CA91171B-500A-427E-A65F-637B44A47B9E}.Debug|Any CPU.Build.0 = Debug|Any CPU
		{CA91171B-500A-427E-A65F-637B44A47B9E}.Release|Any CPU.ActiveCfg = Release|Any CPU
		{CA91171B-500A-427E-A65F-637B44A47B9E}.Release|Any CPU.Build.0 = Release|Any CPU
	EndGlobalSection
	GlobalSection(SolutionProperties) = preSolution
		HideSolutionNode = FALSE
	EndGlobalSection
	GlobalSection(ExtensibilityGlobals) = postSolution
		SolutionGuid = {BD2E938C-C59D-4438-AE9C-226F5B3BE80E}
	EndGlobalSection
EndGlobal
