
Microsoft Visual Studio Solution File, Format Version 12.00
# Visual Studio Version 17
VisualStudioVersion = 17.13.35931.197 d17.13
MinimumVisualStudioVersion = 10.0.40219.1
Project("{FAE04EC0-301F-11D3-BF4B-00C04F79EFBC}") = "554_least_bricks", "554_least_bricks.csproj", "{69C5D501-DD2F-4D24-94A5-03F49403D112}"
EndProject
Global
	GlobalSection(SolutionConfigurationPlatforms) = preSolution
		Debug|Any CPU = Debug|Any CPU
		Release|Any CPU = Release|Any CPU
	EndGlobalSection
	GlobalSection(ProjectConfigurationPlatforms) = postSolution
		{69C5D501-DD2F-4D24-94A5-03F49403D112}.Debug|Any CPU.ActiveCfg = Debug|Any CPU
		{69C5D501-DD2F-4D24-94A5-03F49403D112}.Debug|Any CPU.Build.0 = Debug|Any CPU
		{69C5D501-DD2F-4D24-94A5-03F49403D112}.Release|Any CPU.ActiveCfg = Release|Any CPU
		{69C5D501-DD2F-4D24-94A5-03F49403D112}.Release|Any CPU.Build.0 = Release|Any CPU
	EndGlobalSection
	GlobalSection(SolutionProperties) = preSolution
		HideSolutionNode = FALSE
	EndGlobalSection
	GlobalSection(ExtensibilityGlobals) = postSolution
		SolutionGuid = {EC655DC6-BED3-4663-9240-EB89A22153D9}
	EndGlobalSection
EndGlobal
