
Microsoft Visual Studio Solution File, Format Version 12.00
# Visual Studio Version 17
VisualStudioVersion = 17.13.35931.197 d17.13
MinimumVisualStudioVersion = 10.0.40219.1
Project("{FAE04EC0-301F-11D3-BF4B-00C04F79EFBC}") = "2138_divid_string_easy", "2138_divid_string_easy.csproj", "{03E09D3C-656C-43D7-8BF9-45DE6838FA58}"
EndProject
Global
	GlobalSection(SolutionConfigurationPlatforms) = preSolution
		Debug|Any CPU = Debug|Any CPU
		Release|Any CPU = Release|Any CPU
	EndGlobalSection
	GlobalSection(ProjectConfigurationPlatforms) = postSolution
		{03E09D3C-656C-43D7-8BF9-45DE6838FA58}.Debug|Any CPU.ActiveCfg = Debug|Any CPU
		{03E09D3C-656C-43D7-8BF9-45DE6838FA58}.Debug|Any CPU.Build.0 = Debug|Any CPU
		{03E09D3C-656C-43D7-8BF9-45DE6838FA58}.Release|Any CPU.ActiveCfg = Release|Any CPU
		{03E09D3C-656C-43D7-8BF9-45DE6838FA58}.Release|Any CPU.Build.0 = Release|Any CPU
	EndGlobalSection
	GlobalSection(SolutionProperties) = preSolution
		HideSolutionNode = FALSE
	EndGlobalSection
	GlobalSection(ExtensibilityGlobals) = postSolution
		SolutionGuid = {0A7EC5B5-A2D4-41B3-85E8-EDC9EE95B9C7}
	EndGlobalSection
EndGlobal
