
Microsoft Visual Studio Solution File, Format Version 12.00
# Visual Studio Version 17
VisualStudioVersion = 17.13.35931.197 d17.13
MinimumVisualStudioVersion = 10.0.40219.1
Project("{FAE04EC0-301F-11D3-BF4B-00C04F79EFBC}") = "2900_longest_uneq_adjacent_subseq_easy", "2900_longest_uneq_adjacent_subseq_easy.csproj", "{1B1AB73D-0C22-4B34-9AA7-9E9DB601AA01}"
EndProject
Global
	GlobalSection(SolutionConfigurationPlatforms) = preSolution
		Debug|Any CPU = Debug|Any CPU
		Release|Any CPU = Release|Any CPU
	EndGlobalSection
	GlobalSection(ProjectConfigurationPlatforms) = postSolution
		{1B1AB73D-0C22-4B34-9AA7-9E9DB601AA01}.Debug|Any CPU.ActiveCfg = Debug|Any CPU
		{1B1AB73D-0C22-4B34-9AA7-9E9DB601AA01}.Debug|Any CPU.Build.0 = Debug|Any CPU
		{1B1AB73D-0C22-4B34-9AA7-9E9DB601AA01}.Release|Any CPU.ActiveCfg = Release|Any CPU
		{1B1AB73D-0C22-4B34-9AA7-9E9DB601AA01}.Release|Any CPU.Build.0 = Release|Any CPU
	EndGlobalSection
	GlobalSection(SolutionProperties) = preSolution
		HideSolutionNode = FALSE
	EndGlobalSection
	GlobalSection(ExtensibilityGlobals) = postSolution
		SolutionGuid = {362E0462-105A-4E64-92DF-A707AD27A6EE}
	EndGlobalSection
EndGlobal
