
Microsoft Visual Studio Solution File, Format Version 12.00
# Visual Studio Version 17
VisualStudioVersion = 17.13.35931.197 d17.13
MinimumVisualStudioVersion = 10.0.40219.1
Project("{FAE04EC0-301F-11D3-BF4B-00C04F79EFBC}") = "118_pascal_triangle_easy", "118_pascal_triangle_easy.csproj", "{19830E29-F4EF-48EA-9577-7D59D18C5FD3}"
EndProject
Global
	GlobalSection(SolutionConfigurationPlatforms) = preSolution
		Debug|Any CPU = Debug|Any CPU
		Release|Any CPU = Release|Any CPU
	EndGlobalSection
	GlobalSection(ProjectConfigurationPlatforms) = postSolution
		{19830E29-F4EF-48EA-9577-7D59D18C5FD3}.Debug|Any CPU.ActiveCfg = Debug|Any CPU
		{19830E29-F4EF-48EA-9577-7D59D18C5FD3}.Debug|Any CPU.Build.0 = Debug|Any CPU
		{19830E29-F4EF-48EA-9577-7D59D18C5FD3}.Release|Any CPU.ActiveCfg = Release|Any CPU
		{19830E29-F4EF-48EA-9577-7D59D18C5FD3}.Release|Any CPU.Build.0 = Release|Any CPU
	EndGlobalSection
	GlobalSection(SolutionProperties) = preSolution
		HideSolutionNode = FALSE
	EndGlobalSection
	GlobalSection(ExtensibilityGlobals) = postSolution
		SolutionGuid = {F96D887A-50BA-41FC-AC51-9403A507CF17}
	EndGlobalSection
EndGlobal
