
Microsoft Visual Studio Solution File, Format Version 12.00
# Visual Studio Version 17
VisualStudioVersion = 17.13.35931.197 d17.13
MinimumVisualStudioVersion = 10.0.40219.1
Project("{FAE04EC0-301F-11D3-BF4B-00C04F79EFBC}") = "2176_equal_divisible_pairs_easy", "2176_equal_divisible_pairs_easy.csproj", "{C68A0619-BAA6-470D-B433-DAE7001AF770}"
EndProject
Global
	GlobalSection(SolutionConfigurationPlatforms) = preSolution
		Debug|Any CPU = Debug|Any CPU
		Release|Any CPU = Release|Any CPU
	EndGlobalSection
	GlobalSection(ProjectConfigurationPlatforms) = postSolution
		{C68A0619-BAA6-470D-B433-DAE7001AF770}.Debug|Any CPU.ActiveCfg = Debug|Any CPU
		{C68A0619-BAA6-470D-B433-DAE7001AF770}.Debug|Any CPU.Build.0 = Debug|Any CPU
		{C68A0619-BAA6-470D-B433-DAE7001AF770}.Release|Any CPU.ActiveCfg = Release|Any CPU
		{C68A0619-BAA6-470D-B433-DAE7001AF770}.Release|Any CPU.Build.0 = Release|Any CPU
	EndGlobalSection
	GlobalSection(SolutionProperties) = preSolution
		HideSolutionNode = FALSE
	EndGlobalSection
	GlobalSection(ExtensibilityGlobals) = postSolution
		SolutionGuid = {F6C6CE49-1063-4F06-B0D9-E9964EA38889}
	EndGlobalSection
EndGlobal
