
Microsoft Visual Studio Solution File, Format Version 12.00
# Visual Studio Version 17
VisualStudioVersion = 17.13.35931.197 d17.13
MinimumVisualStudioVersion = 10.0.40219.1
Project("{FAE04EC0-301F-11D3-BF4B-00C04F79EFBC}") = "BinarySearch", "BinarySearch.csproj", "{34749417-F950-44E4-98CA-E318DC051BB4}"
EndProject
Global
	GlobalSection(SolutionConfigurationPlatforms) = preSolution
		Debug|Any CPU = Debug|Any CPU
		Release|Any CPU = Release|Any CPU
	EndGlobalSection
	GlobalSection(ProjectConfigurationPlatforms) = postSolution
		{34749417-F950-44E4-98CA-E318DC051BB4}.Debug|Any CPU.ActiveCfg = Debug|Any CPU
		{34749417-F950-44E4-98CA-E318DC051BB4}.Debug|Any CPU.Build.0 = Debug|Any CPU
		{34749417-F950-44E4-98CA-E318DC051BB4}.Release|Any CPU.ActiveCfg = Release|Any CPU
		{34749417-F950-44E4-98CA-E318DC051BB4}.Release|Any CPU.Build.0 = Release|Any CPU
	EndGlobalSection
	GlobalSection(SolutionProperties) = preSolution
		HideSolutionNode = FALSE
	EndGlobalSection
	GlobalSection(ExtensibilityGlobals) = postSolution
		SolutionGuid = {B01F1F3B-5659-4C7C-942E-00BFBF427E62}
	EndGlobalSection
EndGlobal
