
Microsoft Visual Studio Solution File, Format Version 12.00
# Visual Studio Version 17
VisualStudioVersion = 17.13.35931.197 d17.13
MinimumVisualStudioVersion = 10.0.40219.1
Project("{FAE04EC0-301F-11D3-BF4B-00C04F79EFBC}") = "3170_lex_min_stars", "3170_lex_min_stars.csproj", "{1D8693F8-F749-4027-9491-615D05C29B8B}"
EndProject
Global
	GlobalSection(SolutionConfigurationPlatforms) = preSolution
		Debug|Any CPU = Debug|Any CPU
		Release|Any CPU = Release|Any CPU
	EndGlobalSection
	GlobalSection(ProjectConfigurationPlatforms) = postSolution
		{1D8693F8-F749-4027-9491-615D05C29B8B}.Debug|Any CPU.ActiveCfg = Debug|Any CPU
		{1D8693F8-F749-4027-9491-615D05C29B8B}.Debug|Any CPU.Build.0 = Debug|Any CPU
		{1D8693F8-F749-4027-9491-615D05C29B8B}.Release|Any CPU.ActiveCfg = Release|Any CPU
		{1D8693F8-F749-4027-9491-615D05C29B8B}.Release|Any CPU.Build.0 = Release|Any CPU
	EndGlobalSection
	GlobalSection(SolutionProperties) = preSolution
		HideSolutionNode = FALSE
	EndGlobalSection
	GlobalSection(ExtensibilityGlobals) = postSolution
		SolutionGuid = {C66DAF3B-6A59-4414-BE95-5597DC962AF4}
	EndGlobalSection
EndGlobal
