
Microsoft Visual Studio Solution File, Format Version 12.00
# Visual Studio Version 17
VisualStudioVersion = 17.13.35931.197 d17.13
MinimumVisualStudioVersion = 10.0.40219.1
Project("{FAE04EC0-301F-11D3-BF4B-00C04F79EFBC}") = "904_fruit_into_baskets_daily_med", "904_fruit_into_baskets_daily_med.csproj", "{6100EF90-9FD8-4A0C-BD9E-1EE357F0343C}"
EndProject
Global
	GlobalSection(SolutionConfigurationPlatforms) = preSolution
		Debug|Any CPU = Debug|Any CPU
		Release|Any CPU = Release|Any CPU
	EndGlobalSection
	GlobalSection(ProjectConfigurationPlatforms) = postSolution
		{6100EF90-9FD8-4A0C-BD9E-1EE357F0343C}.Debug|Any CPU.ActiveCfg = Debug|Any CPU
		{6100EF90-9FD8-4A0C-BD9E-1EE357F0343C}.Debug|Any CPU.Build.0 = Debug|Any CPU
		{6100EF90-9FD8-4A0C-BD9E-1EE357F0343C}.Release|Any CPU.ActiveCfg = Release|Any CPU
		{6100EF90-9FD8-4A0C-BD9E-1EE357F0343C}.Release|Any CPU.Build.0 = Release|Any CPU
	EndGlobalSection
	GlobalSection(SolutionProperties) = preSolution
		HideSolutionNode = FALSE
	EndGlobalSection
	GlobalSection(ExtensibilityGlobals) = postSolution
		SolutionGuid = {499DD591-F380-423C-BF44-B82060DE7D2A}
	EndGlobalSection
EndGlobal
