
Microsoft Visual Studio Solution File, Format Version 12.00
# Visual Studio Version 17
VisualStudioVersion = 17.13.35931.197 d17.13
MinimumVisualStudioVersion = 10.0.40219.1
Project("{FAE04EC0-301F-11D3-BF4B-00C04F79EFBC}") = "1663_smallest_string_given_val_med", "1663_smallest_string_given_val_med.csproj", "{45BD3788-B8AA-4353-A483-A467521906FE}"
EndProject
Global
	GlobalSection(SolutionConfigurationPlatforms) = preSolution
		Debug|Any CPU = Debug|Any CPU
		Release|Any CPU = Release|Any CPU
	EndGlobalSection
	GlobalSection(ProjectConfigurationPlatforms) = postSolution
		{45BD3788-B8AA-4353-A483-A467521906FE}.Debug|Any CPU.ActiveCfg = Debug|Any CPU
		{45BD3788-B8AA-4353-A483-A467521906FE}.Debug|Any CPU.Build.0 = Debug|Any CPU
		{45BD3788-B8AA-4353-A483-A467521906FE}.Release|Any CPU.ActiveCfg = Release|Any CPU
		{45BD3788-B8AA-4353-A483-A467521906FE}.Release|Any CPU.Build.0 = Release|Any CPU
	EndGlobalSection
	GlobalSection(SolutionProperties) = preSolution
		HideSolutionNode = FALSE
	EndGlobalSection
	GlobalSection(ExtensibilityGlobals) = postSolution
		SolutionGuid = {F34EBC90-DB4E-4684-86BC-6AEFE65F8412}
	EndGlobalSection
EndGlobal
