
Microsoft Visual Studio Solution File, Format Version 12.00
# Visual Studio Version 17
VisualStudioVersion = 17.13.35931.197 d17.13
MinimumVisualStudioVersion = 10.0.40219.1
Project("{FAE04EC0-301F-11D3-BF4B-00C04F79EFBC}") = "61_rotate_list_med", "61_rotate_list_med.csproj", "{5C2FAD28-5FFE-42AE-8A37-A8D699AE9774}"
EndProject
Global
	GlobalSection(SolutionConfigurationPlatforms) = preSolution
		Debug|Any CPU = Debug|Any CPU
		Release|Any CPU = Release|Any CPU
	EndGlobalSection
	GlobalSection(ProjectConfigurationPlatforms) = postSolution
		{5C2FAD28-5FFE-42AE-8A37-A8D699AE9774}.Debug|Any CPU.ActiveCfg = Debug|Any CPU
		{5C2FAD28-5FFE-42AE-8A37-A8D699AE9774}.Debug|Any CPU.Build.0 = Debug|Any CPU
		{5C2FAD28-5FFE-42AE-8A37-A8D699AE9774}.Release|Any CPU.ActiveCfg = Release|Any CPU
		{5C2FAD28-5FFE-42AE-8A37-A8D699AE9774}.Release|Any CPU.Build.0 = Release|Any CPU
	EndGlobalSection
	GlobalSection(SolutionProperties) = preSolution
		HideSolutionNode = FALSE
	EndGlobalSection
	GlobalSection(ExtensibilityGlobals) = postSolution
		SolutionGuid = {274FBE4A-9D74-4E96-A1D5-E7A24BE1CECE}
	EndGlobalSection
EndGlobal
