
Microsoft Visual Studio Solution File, Format Version 12.00
# Visual Studio Version 17
VisualStudioVersion = 17.13.35931.197 d17.13
MinimumVisualStudioVersion = 10.0.40219.1
Project("{FAE04EC0-301F-11D3-BF4B-00C04F79EFBC}") = "1353_daily", "1353_daily.csproj", "{39531FEF-D3A6-47A9-A136-478F92E60588}"
EndProject
Global
	GlobalSection(SolutionConfigurationPlatforms) = preSolution
		Debug|Any CPU = Debug|Any CPU
		Release|Any CPU = Release|Any CPU
	EndGlobalSection
	GlobalSection(ProjectConfigurationPlatforms) = postSolution
		{39531FEF-D3A6-47A9-A136-478F92E60588}.Debug|Any CPU.ActiveCfg = Debug|Any CPU
		{39531FEF-D3A6-47A9-A136-478F92E60588}.Debug|Any CPU.Build.0 = Debug|Any CPU
		{39531FEF-D3A6-47A9-A136-478F92E60588}.Release|Any CPU.ActiveCfg = Release|Any CPU
		{39531FEF-D3A6-47A9-A136-478F92E60588}.Release|Any CPU.Build.0 = Release|Any CPU
	EndGlobalSection
	GlobalSection(SolutionProperties) = preSolution
		HideSolutionNode = FALSE
	EndGlobalSection
	GlobalSection(ExtensibilityGlobals) = postSolution
		SolutionGuid = {68914604-E554-4E0D-946D-263C85653271}
	EndGlobalSection
EndGlobal
