
Microsoft Visual Studio Solution File, Format Version 12.00
# Visual Studio Version 17
VisualStudioVersion = 17.13.35931.197 d17.13
MinimumVisualStudioVersion = 10.0.40219.1
Project("{FAE04EC0-301F-11D3-BF4B-00C04F79EFBC}") = "2353_daily_food_rating_system_med", "2353_daily_food_rating_system_med.csproj", "{0910E18B-4D98-44AC-AC96-BF3BCB964757}"
EndProject
Global
	GlobalSection(SolutionConfigurationPlatforms) = preSolution
		Debug|Any CPU = Debug|Any CPU
		Release|Any CPU = Release|Any CPU
	EndGlobalSection
	GlobalSection(ProjectConfigurationPlatforms) = postSolution
		{0910E18B-4D98-44AC-AC96-BF3BCB964757}.Debug|Any CPU.ActiveCfg = Debug|Any CPU
		{0910E18B-4D98-44AC-AC96-BF3BCB964757}.Debug|Any CPU.Build.0 = Debug|Any CPU
		{0910E18B-4D98-44AC-AC96-BF3BCB964757}.Release|Any CPU.ActiveCfg = Release|Any CPU
		{0910E18B-4D98-44AC-AC96-BF3BCB964757}.Release|Any CPU.Build.0 = Release|Any CPU
	EndGlobalSection
	GlobalSection(SolutionProperties) = preSolution
		HideSolutionNode = FALSE
	EndGlobalSection
	GlobalSection(ExtensibilityGlobals) = postSolution
		SolutionGuid = {0BF679B8-B031-4DF4-9B2C-EEBD85B9561D}
	EndGlobalSection
EndGlobal
