
Microsoft Visual Studio Solution File, Format Version 12.00
# Visual Studio Version 17
VisualStudioVersion = 17.13.35931.197 d17.13
MinimumVisualStudioVersion = 10.0.40219.1
Project("{FAE04EC0-301F-11D3-BF4B-00C04F79EFBC}") = "2566_max_diff_remap_dig_easy", "2566_max_diff_remap_dig_easy.csproj", "{244B6048-1AA1-48EF-B969-43CCE4AAC28C}"
EndProject
Global
	GlobalSection(SolutionConfigurationPlatforms) = preSolution
		Debug|Any CPU = Debug|Any CPU
		Release|Any CPU = Release|Any CPU
	EndGlobalSection
	GlobalSection(ProjectConfigurationPlatforms) = postSolution
		{244B6048-1AA1-48EF-B969-43CCE4AAC28C}.Debug|Any CPU.ActiveCfg = Debug|Any CPU
		{244B6048-1AA1-48EF-B969-43CCE4AAC28C}.Debug|Any CPU.Build.0 = Debug|Any CPU
		{244B6048-1AA1-48EF-B969-43CCE4AAC28C}.Release|Any CPU.ActiveCfg = Release|Any CPU
		{244B6048-1AA1-48EF-B969-43CCE4AAC28C}.Release|Any CPU.Build.0 = Release|Any CPU
	EndGlobalSection
	GlobalSection(SolutionProperties) = preSolution
		HideSolutionNode = FALSE
	EndGlobalSection
	GlobalSection(ExtensibilityGlobals) = postSolution
		SolutionGuid = {9E4007EA-0D7D-4C80-AB96-2CF7E3C876C3}
	EndGlobalSection
EndGlobal
