
Microsoft Visual Studio Solution File, Format Version 12.00
# Visual Studio Version 17
VisualStudioVersion = 17.13.35931.197 d17.13
MinimumVisualStudioVersion = 10.0.40219.1
Project("{FAE04EC0-301F-11D3-BF4B-00C04F79EFBC}") = "1007_min_domino_rots_med", "1007_min_domino_rots_med.csproj", "{22086A51-F591-4E75-A5AB-44B7F9BC73F8}"
EndProject
Global
	GlobalSection(SolutionConfigurationPlatforms) = preSolution
		Debug|Any CPU = Debug|Any CPU
		Release|Any CPU = Release|Any CPU
	EndGlobalSection
	GlobalSection(ProjectConfigurationPlatforms) = postSolution
		{22086A51-F591-4E75-A5AB-44B7F9BC73F8}.Debug|Any CPU.ActiveCfg = Debug|Any CPU
		{22086A51-F591-4E75-A5AB-44B7F9BC73F8}.Debug|Any CPU.Build.0 = Debug|Any CPU
		{22086A51-F591-4E75-A5AB-44B7F9BC73F8}.Release|Any CPU.ActiveCfg = Release|Any CPU
		{22086A51-F591-4E75-A5AB-44B7F9BC73F8}.Release|Any CPU.Build.0 = Release|Any CPU
	EndGlobalSection
	GlobalSection(SolutionProperties) = preSolution
		HideSolutionNode = FALSE
	EndGlobalSection
	GlobalSection(ExtensibilityGlobals) = postSolution
		SolutionGuid = {F064447B-3385-40F8-A49A-2167814775E8}
	EndGlobalSection
EndGlobal
