
Microsoft Visual Studio Solution File, Format Version 12.00
# Visual Studio Version 17
VisualStudioVersion = 17.13.35931.197 d17.13
MinimumVisualStudioVersion = 10.0.40219.1
Project("{FAE04EC0-301F-11D3-BF4B-00C04F79EFBC}") = "36_valid_sudoku_med", "36_valid_sudoku_med.csproj", "{135D408D-4CCC-4EBE-ABEA-BF50429219B7}"
EndProject
Global
	GlobalSection(SolutionConfigurationPlatforms) = preSolution
		Debug|Any CPU = Debug|Any CPU
		Release|Any CPU = Release|Any CPU
	EndGlobalSection
	GlobalSection(ProjectConfigurationPlatforms) = postSolution
		{135D408D-4CCC-4EBE-ABEA-BF50429219B7}.Debug|Any CPU.ActiveCfg = Debug|Any CPU
		{135D408D-4CCC-4EBE-ABEA-BF50429219B7}.Debug|Any CPU.Build.0 = Debug|Any CPU
		{135D408D-4CCC-4EBE-ABEA-BF50429219B7}.Release|Any CPU.ActiveCfg = Release|Any CPU
		{135D408D-4CCC-4EBE-ABEA-BF50429219B7}.Release|Any CPU.Build.0 = Release|Any CPU
	EndGlobalSection
	GlobalSection(SolutionProperties) = preSolution
		HideSolutionNode = FALSE
	EndGlobalSection
	GlobalSection(ExtensibilityGlobals) = postSolution
		SolutionGuid = {B9304D68-91DF-42DA-951D-D64A70613802}
	EndGlobalSection
EndGlobal
