
Microsoft Visual Studio Solution File, Format Version 12.00
# Visual Studio Version 17
VisualStudioVersion = 17.13.35931.197 d17.13
MinimumVisualStudioVersion = 10.0.40219.1
Project("{FAE04EC0-301F-11D3-BF4B-00C04F79EFBC}") = "71425_daily", "71425_daily.csproj", "{D32BFB2F-D2E5-4A8D-B269-81578893F065}"
EndProject
Global
	GlobalSection(SolutionConfigurationPlatforms) = preSolution
		Debug|Any CPU = Debug|Any CPU
		Release|Any CPU = Release|Any CPU
	EndGlobalSection
	GlobalSection(ProjectConfigurationPlatforms) = postSolution
		{D32BFB2F-D2E5-4A8D-B269-81578893F065}.Debug|Any CPU.ActiveCfg = Debug|Any CPU
		{D32BFB2F-D2E5-4A8D-B269-81578893F065}.Debug|Any CPU.Build.0 = Debug|Any CPU
		{D32BFB2F-D2E5-4A8D-B269-81578893F065}.Release|Any CPU.ActiveCfg = Release|Any CPU
		{D32BFB2F-D2E5-4A8D-B269-81578893F065}.Release|Any CPU.Build.0 = Release|Any CPU
	EndGlobalSection
	GlobalSection(SolutionProperties) = preSolution
		HideSolutionNode = FALSE
	EndGlobalSection
	GlobalSection(ExtensibilityGlobals) = postSolution
		SolutionGuid = {E4D591A2-F03B-4BE7-B30E-D2AD18E22553}
	EndGlobalSection
EndGlobal
