
Microsoft Visual Studio Solution File, Format Version 12.00
# Visual Studio Version 17
VisualStudioVersion = 17.13.35931.197 d17.13
MinimumVisualStudioVersion = 10.0.40219.1
Project("{FAE04EC0-301F-11D3-BF4B-00C04F79EFBC}") = "368_largest_divis_subs_med", "368_largest_divis_subs_med.csproj", "{34A3E067-031E-4055-8B6A-EF29D16074E3}"
EndProject
Global
	GlobalSection(SolutionConfigurationPlatforms) = preSolution
		Debug|Any CPU = Debug|Any CPU
		Release|Any CPU = Release|Any CPU
	EndGlobalSection
	GlobalSection(ProjectConfigurationPlatforms) = postSolution
		{34A3E067-031E-4055-8B6A-EF29D16074E3}.Debug|Any CPU.ActiveCfg = Debug|Any CPU
		{34A3E067-031E-4055-8B6A-EF29D16074E3}.Debug|Any CPU.Build.0 = Debug|Any CPU
		{34A3E067-031E-4055-8B6A-EF29D16074E3}.Release|Any CPU.ActiveCfg = Release|Any CPU
		{34A3E067-031E-4055-8B6A-EF29D16074E3}.Release|Any CPU.Build.0 = Release|Any CPU
	EndGlobalSection
	GlobalSection(SolutionProperties) = preSolution
		HideSolutionNode = FALSE
	EndGlobalSection
	GlobalSection(ExtensibilityGlobals) = postSolution
		SolutionGuid = {29ECDB6D-D8C8-4FF9-AA4F-15E82D74E5F9}
	EndGlobalSection
EndGlobal
