
Microsoft Visual Studio Solution File, Format Version 12.00
# Visual Studio Version 17
VisualStudioVersion = 17.13.35931.197 d17.13
MinimumVisualStudioVersion = 10.0.40219.1
Project("{FAE04EC0-301F-11D3-BF4B-00C04F79EFBC}") = "16_3sum_closest_med", "16_3sum_closest_med.csproj", "{0D3C567C-E0D6-4CBA-855D-F61D42381EFF}"
EndProject
Global
	GlobalSection(SolutionConfigurationPlatforms) = preSolution
		Debug|Any CPU = Debug|Any CPU
		Release|Any CPU = Release|Any CPU
	EndGlobalSection
	GlobalSection(ProjectConfigurationPlatforms) = postSolution
		{0D3C567C-E0D6-4CBA-855D-F61D42381EFF}.Debug|Any CPU.ActiveCfg = Debug|Any CPU
		{0D3C567C-E0D6-4CBA-855D-F61D42381EFF}.Debug|Any CPU.Build.0 = Debug|Any CPU
		{0D3C567C-E0D6-4CBA-855D-F61D42381EFF}.Release|Any CPU.ActiveCfg = Release|Any CPU
		{0D3C567C-E0D6-4CBA-855D-F61D42381EFF}.Release|Any CPU.Build.0 = Release|Any CPU
	EndGlobalSection
	GlobalSection(SolutionProperties) = preSolution
		HideSolutionNode = FALSE
	EndGlobalSection
	GlobalSection(ExtensibilityGlobals) = postSolution
		SolutionGuid = {A2E29255-C239-4AC9-842C-7EC5CD797412}
	EndGlobalSection
EndGlobal
