
Microsoft Visual Studio Solution File, Format Version 12.00
# Visual Studio Version 17
VisualStudioVersion = 17.13.35931.197 d17.13
MinimumVisualStudioVersion = 10.0.40219.1
Project("{FAE04EC0-301F-11D3-BF4B-00C04F79EFBC}") = "1432_max_diff_change_int_med", "1432_max_diff_change_int_med.csproj", "{2E6369D8-1B4C-4118-B433-1453F07AE8DA}"
EndProject
Global
	GlobalSection(SolutionConfigurationPlatforms) = preSolution
		Debug|Any CPU = Debug|Any CPU
		Release|Any CPU = Release|Any CPU
	EndGlobalSection
	GlobalSection(ProjectConfigurationPlatforms) = postSolution
		{2E6369D8-1B4C-4118-B433-1453F07AE8DA}.Debug|Any CPU.ActiveCfg = Debug|Any CPU
		{2E6369D8-1B4C-4118-B433-1453F07AE8DA}.Debug|Any CPU.Build.0 = Debug|Any CPU
		{2E6369D8-1B4C-4118-B433-1453F07AE8DA}.Release|Any CPU.ActiveCfg = Release|Any CPU
		{2E6369D8-1B4C-4118-B433-1453F07AE8DA}.Release|Any CPU.Build.0 = Release|Any CPU
	EndGlobalSection
	GlobalSection(SolutionProperties) = preSolution
		HideSolutionNode = FALSE
	EndGlobalSection
	GlobalSection(ExtensibilityGlobals) = postSolution
		SolutionGuid = {8F04755B-F083-41D1-B287-E7EA3C909DBD}
	EndGlobalSection
EndGlobal
