
Microsoft Visual Studio Solution File, Format Version 12.00
# Visual Studio Version 17
VisualStudioVersion = 17.13.35931.197 d17.13
MinimumVisualStudioVersion = 10.0.40219.1
Project("{FAE04EC0-301F-11D3-BF4B-00C04F79EFBC}") = "611_valid_triangle_number_daily_med", "611_valid_triangle_number_daily_med.csproj", "{C12431D8-8830-4469-8E71-444B71F1B639}"
EndProject
Global
	GlobalSection(SolutionConfigurationPlatforms) = preSolution
		Debug|Any CPU = Debug|Any CPU
		Release|Any CPU = Release|Any CPU
	EndGlobalSection
	GlobalSection(ProjectConfigurationPlatforms) = postSolution
		{C12431D8-8830-4469-8E71-444B71F1B639}.Debug|Any CPU.ActiveCfg = Debug|Any CPU
		{C12431D8-8830-4469-8E71-444B71F1B639}.Debug|Any CPU.Build.0 = Debug|Any CPU
		{C12431D8-8830-4469-8E71-444B71F1B639}.Release|Any CPU.ActiveCfg = Release|Any CPU
		{C12431D8-8830-4469-8E71-444B71F1B639}.Release|Any CPU.Build.0 = Release|Any CPU
	EndGlobalSection
	GlobalSection(SolutionProperties) = preSolution
		HideSolutionNode = FALSE
	EndGlobalSection
	GlobalSection(ExtensibilityGlobals) = postSolution
		SolutionGuid = {665A5E8A-150B-4451-9605-BF3E5720F7BD}
	EndGlobalSection
EndGlobal
