
Microsoft Visual Studio Solution File, Format Version 12.00
# Visual Studio Version 17
VisualStudioVersion = 17.13.35931.197 d17.13
MinimumVisualStudioVersion = 10.0.40219.1
Project("{FAE04EC0-301F-11D3-BF4B-00C04F79EFBC}") = "165_compare_version_numbers_daily_med", "165_compare_version_numbers_daily_med.csproj", "{EFF6D0A1-B7A8-4B10-9D3C-40BC46655B76}"
EndProject
Global
	GlobalSection(SolutionConfigurationPlatforms) = preSolution
		Debug|Any CPU = Debug|Any CPU
		Release|Any CPU = Release|Any CPU
	EndGlobalSection
	GlobalSection(ProjectConfigurationPlatforms) = postSolution
		{EFF6D0A1-B7A8-4B10-9D3C-40BC46655B76}.Debug|Any CPU.ActiveCfg = Debug|Any CPU
		{EFF6D0A1-B7A8-4B10-9D3C-40BC46655B76}.Debug|Any CPU.Build.0 = Debug|Any CPU
		{EFF6D0A1-B7A8-4B10-9D3C-40BC46655B76}.Release|Any CPU.ActiveCfg = Release|Any CPU
		{EFF6D0A1-B7A8-4B10-9D3C-40BC46655B76}.Release|Any CPU.Build.0 = Release|Any CPU
	EndGlobalSection
	GlobalSection(SolutionProperties) = preSolution
		HideSolutionNode = FALSE
	EndGlobalSection
	GlobalSection(ExtensibilityGlobals) = postSolution
		SolutionGuid = {EECD432F-9C38-4A3D-A053-3911CAFB9D7D}
	EndGlobalSection
EndGlobal
